
Microsoft Visual Studio Solution File, Format Version 12.00
# Visual Studio 15
Project("{FAE04EC0-301F-11D3-BF4B-00C04F79EFBC}") = "SampleCosmos", "SampleCosmos\SampleCosmos.csproj", "{A5EADC11-532B-4B3D-B084-EDF720023364}"
EndProject
Project("{FAE04EC0-301F-11D3-BF4B-00C04F79EFBC}") = "SampleCosmos.Core", "SampleCosmos.Core\SampleCosmos.Core.csproj", "{5B656F7E-6A11-45F0-9C92-AB823A6A6CEA}"
EndProject
Global
	GlobalSection(SolutionConfigurationPlatforms) = preSolution
		Debug|Any CPU = Debug|Any CPU
		Release|Any CPU = Release|Any CPU
	EndGlobalSection
	GlobalSection(ProjectConfigurationPlatforms) = postSolution
		{A5EADC11-532B-4B3D-B084-EDF720023364}.Debug|Any CPU.ActiveCfg = Debug|Any CPU
		{A5EADC11-532B-4B3D-B084-EDF720023364}.Debug|Any CPU.Build.0 = Debug|Any CPU
		{A5EADC11-532B-4B3D-B084-EDF720023364}.Release|Any CPU.ActiveCfg = Release|Any CPU
		{A5EADC11-532B-4B3D-B084-EDF720023364}.Release|Any CPU.Build.0 = Release|Any CPU
		{5B656F7E-6A11-45F0-9C92-AB823A6A6CEA}.Debug|Any CPU.ActiveCfg = Debug|Any CPU
		{5B656F7E-6A11-45F0-9C92-AB823A6A6CEA}.Debug|Any CPU.Build.0 = Debug|Any CPU
		{5B656F7E-6A11-45F0-9C92-AB823A6A6CEA}.Release|Any CPU.ActiveCfg = Release|Any CPU
		{5B656F7E-6A11-45F0-9C92-AB823A6A6CEA}.Release|Any CPU.Build.0 = Release|Any CPU
	EndGlobalSection
EndGlobal
